
Microsoft Visual Studio Solution File, Format Version 12.00
# Visual Studio Version 16
VisualStudioVersion = 16.0.29123.88
MinimumVisualStudioVersion = 10.0.40219.1
Project("{8BC9CEB8-8B4A-11D0-8D11-00A0C91BC942}") = "Endcoder", "Endcoder.vcxproj", "{3AD551CD-C734-4031-A6BA-A2E4D97509FE}"
EndProject
Global
	GlobalSection(SolutionConfigurationPlatforms) = preSolution
		Debug|x64 = Debug|x64
		Debug|x86 = Debug|x86
		Release|x64 = Release|x64
		Release|x86 = Release|x86
	EndGlobalSection
	GlobalSection(ProjectConfigurationPlatforms) = postSolution
		{3AD551CD-C734-4031-A6BA-A2E4D97509FE}.Debug|x64.ActiveCfg = Debug|x64
		{3AD551CD-C734-4031-A6BA-A2E4D97509FE}.Debug|x64.Build.0 = Debug|x64
		{3AD551CD-C734-4031-A6BA-A2E4D97509FE}.Debug|x86.ActiveCfg = Debug|Win32
		{3AD551CD-C734-4031-A6BA-A2E4D97509FE}.Debug|x86.Build.0 = Debug|Win32
		{3AD551CD-C734-4031-A6BA-A2E4D97509FE}.Release|x64.ActiveCfg = Release|x64
		{3AD551CD-C734-4031-A6BA-A2E4D97509FE}.Release|x64.Build.0 = Release|x64
		{3AD551CD-C734-4031-A6BA-A2E4D97509FE}.Release|x86.ActiveCfg = Release|Win32
		{3AD551CD-C734-4031-A6BA-A2E4D97509FE}.Release|x86.Build.0 = Release|Win32
	EndGlobalSection
	GlobalSection(SolutionProperties) = preSolution
		HideSolutionNode = FALSE
	EndGlobalSection
	GlobalSection(ExtensibilityGlobals) = postSolution
		SolutionGuid = {06B1C57A-CF13-420B-9587-3F4DC2D9E324}
	EndGlobalSection
EndGlobal
